{
  "version": 4,
  "terraform_version": "1.8.3",
  "serial": 29,
  "lineage": "f2bae55d-5b42-2d9f-c26a-dab9f5cf074f",
  "outputs": {
    "iam_role_arn": {
      "value": "arn:aws:iam::078263428883:role/Test_Inicia_Desliga_EC2",
      "type": "string"
    }
  },
  "resources": [
    {
      "mode": "managed",
      "type": "aws_iam_policy",
      "name": "Inicia_Desliga_EC2",
      "provider": "provider[\"registry.terraform.io/hashicorp/aws\"]",
      "instances": [
        {
          "schema_version": 0,
          "attributes": {
            "arn": "arn:aws:iam::078263428883:policy/Test_Inicia_Desliga_EC2",
            "attachment_count": 0,
            "description": "Politica que permitia iniciar e desligar instancias EC2",
            "id": "arn:aws:iam::078263428883:policy/Test_Inicia_Desliga_EC2",
            "name": "Test_Inicia_Desliga_EC2",
            "name_prefix": "",
            "path": "/",
            "policy": "{\"Statement\":[{\"Action\":[\"ec2:StartInstances\",\"ec2:StopInstances\"],\"Effect\":\"Allow\",\"Resource\":\"*\"}],\"Version\":\"2012-10-17\"}",
            "policy_id": "ANPAREOG5E4JZBXUKADCQ",
            "tags": null,
            "tags_all": {}
          },
          "sensitive_attributes": [],
          "private": "bnVsbA=="
        }
      ]
    },
    {
      "mode": "managed",
      "type": "aws_iam_role",
      "name": "Inicia_Desliga_EC2",
      "provider": "provider[\"registry.terraform.io/hashicorp/aws\"]",
      "instances": [
        {
          "schema_version": 0,
          "attributes": {
            "arn": "arn:aws:iam::078263428883:role/Test_Inicia_Desliga_EC2",
            "assume_role_policy": "{\"Statement\":[{\"Action\":\"sts:AssumeRole\",\"Effect\":\"Allow\",\"Principal\":{\"Service\":\"lambda.amazonaws.com\"},\"Sid\":\"\"}],\"Version\":\"2012-10-17\"}",
            "create_date": "2024-07-04T17:07:19Z",
            "description": "Permite lambda executar e comunicar-se com EC2",
            "force_detach_policies": false,
            "id": "Test_Inicia_Desliga_EC2",
            "inline_policy": [],
            "managed_policy_arns": [],
            "max_session_duration": 3600,
            "name": "Test_Inicia_Desliga_EC2",
            "name_prefix": "",
            "path": "/",
            "permissions_boundary": "",
            "tags": null,
            "tags_all": {},
            "unique_id": "AROAREOG5E4JTCFXNSWBR"
          },
          "sensitive_attributes": [],
          "private": "bnVsbA=="
        }
      ]
    },
    {
      "mode": "managed",
      "type": "aws_iam_role_policy_attachment",
      "name": "anexar_politica_Inicia_Desliga_EC2_basica",
      "provider": "provider[\"registry.terraform.io/hashicorp/aws\"]",
      "instances": [
        {
          "schema_version": 0,
          "attributes": {
            "id": "Test_Inicia_Desliga_EC2-20240704170720357400000001",
            "policy_arn": "arn:aws:iam::aws:policy/service-role/AWSLambdaBasicExecutionRole",
            "role": "Test_Inicia_Desliga_EC2"
          },
          "sensitive_attributes": [],
          "private": "bnVsbA==",
          "dependencies": [
            "aws_iam_role.Inicia_Desliga_EC2"
          ]
        }
      ]
    },
    {
      "mode": "managed",
      "type": "aws_iam_role_policy_attachment",
      "name": "anexar_politica_Inicia_Desliga_EC2_personalizada",
      "provider": "provider[\"registry.terraform.io/hashicorp/aws\"]",
      "instances": [
        {
          "schema_version": 0,
          "attributes": {
            "id": "Test_Inicia_Desliga_EC2-20240704170720357400000002",
            "policy_arn": "arn:aws:iam::078263428883:policy/Test_Inicia_Desliga_EC2",
            "role": "Test_Inicia_Desliga_EC2"
          },
          "sensitive_attributes": [],
          "private": "bnVsbA==",
          "dependencies": [
            "aws_iam_policy.Inicia_Desliga_EC2",
            "aws_iam_role.Inicia_Desliga_EC2"
          ]
        }
      ]
    }
  ],
  "check_results": null
}
