{
  "version": 4,
  "terraform_version": "1.8.3",
  "serial": 4,
  "lineage": "62f9b608-663a-43c6-db08-f3a70d396ce1",
  "outputs": {},
  "resources": [
    {
      "mode": "managed",
      "type": "aws_iam_policy",
      "name": "politica_agendamento_ec2",
      "provider": "provider[\"registry.terraform.io/hashicorp/aws\"]",
      "instances": [
        {
          "schema_version": 0,
          "attributes": {
            "arn": "arn:aws:iam::087381958847:policy/Politica_de_agendamento",
            "attachment_count": 0,
            "description": "Policy que permite o Lambda a desligar e ligar as instâncias EC2",
            "id": "arn:aws:iam::087381958847:policy/Politica_de_agendamento",
            "name": "Politica_de_agendamento",
            "name_prefix": "",
            "path": "/",
            "policy": "{\"Statement\":[{\"Action\":[\"logs:CreateLogGroup\",\"logs:CreateLogStream\",\"logs:PutLogEvents\"],\"Effect\":\"Allow\",\"Resource\":\"arn:aws:logs:*:*:*\"},{\"Action\":[\"ec2:Start*\",\"ec2:Stop*\"],\"Effect\":\"Allow\",\"Resource\":\"*\"}],\"Version\":\"2012-10-17\"}",
            "policy_id": "ANPARIWC64C726K6YS7RP",
            "tags": null,
            "tags_all": {}
          },
          "sensitive_attributes": [],
          "private": "bnVsbA=="
        }
      ]
    },
    {
      "mode": "managed",
      "type": "aws_iam_role",
      "name": "função_agendamento_ec2",
      "provider": "provider[\"registry.terraform.io/hashicorp/aws\"]",
      "instances": [
        {
          "schema_version": 0,
          "attributes": {
            "arn": "arn:aws:iam::087381958847:role/Funcao_de_agendamento",
            "assume_role_policy": "{\"Statement\":[{\"Action\":\"sts:AssumeRole\",\"Effect\":\"Allow\",\"Principal\":{\"Service\":\"lambda.amazonaws.com\"},\"Sid\":\"\"}],\"Version\":\"2012-10-17\"}",
            "create_date": "2024-06-30T14:39:03Z",
            "description": "Função que permite o Lambda a desligar e ligar as instâncias EC2",
            "force_detach_policies": false,
            "id": "Funcao_de_agendamento",
            "inline_policy": [],
            "managed_policy_arns": [],
            "max_session_duration": 3600,
            "name": "Funcao_de_agendamento",
            "name_prefix": "",
            "path": "/",
            "permissions_boundary": "",
            "tags": null,
            "tags_all": {},
            "unique_id": "AROARIWC64C77KE3HRLOT"
          },
          "sensitive_attributes": [],
          "private": "bnVsbA=="
        }
      ]
    },
    {
      "mode": "managed",
      "type": "aws_iam_role_policy_attachment",
      "name": "anexar_função_politica_de_agendamento_iam",
      "provider": "provider[\"registry.terraform.io/hashicorp/aws\"]",
      "instances": [
        {
          "schema_version": 0,
          "attributes": {
            "id": "Funcao_de_agendamento-20240630143904133200000001",
            "policy_arn": "arn:aws:iam::087381958847:policy/Politica_de_agendamento",
            "role": "Funcao_de_agendamento"
          },
          "sensitive_attributes": [],
          "private": "bnVsbA==",
          "dependencies": [
            "aws_iam_policy.politica_agendamento_ec2",
            "aws_iam_role.função_agendamento_ec2"
          ]
        }
      ]
    }
  ],
  "check_results": null
}
